// !$*UTF8*$!
{
	archiveVersion = 1;
	classes = {
	};
	objectVersion = 56;
	objects = {

/* Begin PBXBuildFile section */
		C7521FB22BA8360200FBB5B8 /* ScannerViewModel.swift in Sources */ = {isa = PBXBuildFile; fileRef = C7521FB12BA8360200FBB5B8 /* ScannerViewModel.swift */; };
		C780F2452BA742B9004EF062 /* QRCodeScannerApp.swift in Sources */ = {isa = PBXBuildFile; fileRef = C780F2442BA742B9004EF062 /* QRCodeScannerApp.swift */; };
		C780F2492BA742BC004EF062 /* Assets.xcassets in Resources */ = {isa = PBXBuildFile; fileRef = C780F2482BA742BC004EF062 /* Assets.xcassets */; };
		C780F24C2BA742BC004EF062 /* Preview Assets.xcassets in Resources */ = {isa = PBXBuildFile; fileRef = C780F24B2BA742BC004EF062 /* Preview Assets.xcassets */; };
		C780F2542BA74FF7004EF062 /* ScannerView.swift in Sources */ = {isa = PBXBuildFile; fileRef = C780F2532BA74FF7004EF062 /* ScannerView.swift */; };
		C780F2562BA75640004EF062 /* CameraView.swift in Sources */ = {isa = PBXBuildFile; fileRef = C780F2552BA75640004EF062 /* CameraView.swift */; };
		C780F2592BA7599E004EF062 /* CameraPermission.swift in Sources */ = {isa = PBXBuildFile; fileRef = C780F2582BA7599E004EF062 /* CameraPermission.swift */; };
		C780F25C2BA75F14004EF062 /* QRScannerDelegate.swift in Sources */ = {isa = PBXBuildFile; fileRef = C780F25B2BA75F14004EF062 /* QRScannerDelegate.swift */; };
		C7ED00EA2BA9EA3300A8D3F3 /* RestartScannerButtonView.swift in Sources */ = {isa = PBXBuildFile; fileRef = C7ED00E92BA9EA3300A8D3F3 /* RestartScannerButtonView.swift */; };
		C7ED00EC2BACE6E100A8D3F3 /* CloseScannerButtonView.swift in Sources */ = {isa = PBXBuildFile; fileRef = C7ED00EB2BACE6E100A8D3F3 /* CloseScannerButtonView.swift */; };
		C7ED00EE2BACE8E100A8D3F3 /* ImageCameraResultView.swift in Sources */ = {isa = PBXBuildFile; fileRef = C7ED00ED2BACE8E100A8D3F3 /* ImageCameraResultView.swift */; };
		C7ED00F22BACEBF400A8D3F3 /* AppConstants.swift in Sources */ = {isa = PBXBuildFile; fileRef = C7ED00F12BACEBF400A8D3F3 /* AppConstants.swift */; };
/* End PBXBuildFile section */

/* Begin PBXFileReference section */
		C7521FB12BA8360200FBB5B8 /* ScannerViewModel.swift */ = {isa = PBXFileReference; lastKnownFileType = sourcecode.swift; path = ScannerViewModel.swift; sourceTree = "<group>"; };
		C780F2412BA742B9004EF062 /* QRCodeScanner.app */ = {isa = PBXFileReference; explicitFileType = wrapper.application; includeInIndex = 0; path = QRCodeScanner.app; sourceTree = BUILT_PRODUCTS_DIR; };
		C780F2442BA742B9004EF062 /* QRCodeScannerApp.swift */ = {isa = PBXFileReference; lastKnownFileType = sourcecode.swift; path = QRCodeScannerApp.swift; sourceTree = "<group>"; };
		C780F2482BA742BC004EF062 /* Assets.xcassets */ = {isa = PBXFileReference; lastKnownFileType = folder.assetcatalog; path = Assets.xcassets; sourceTree = "<group>"; };
		C780F24B2BA742BC004EF062 /* Preview Assets.xcassets */ = {isa = PBXFileReference; lastKnownFileType = folder.assetcatalog; path = "Preview Assets.xcassets"; sourceTree = "<group>"; };
		C780F2532BA74FF7004EF062 /* ScannerView.swift */ = {isa = PBXFileReference; lastKnownFileType = sourcecode.swift; path = ScannerView.swift; sourceTree = "<group>"; };
		C780F2552BA75640004EF062 /* CameraView.swift */ = {isa = PBXFileReference; lastKnownFileType = sourcecode.swift; path = CameraView.swift; sourceTree = "<group>"; };
		C780F2582BA7599E004EF062 /* CameraPermission.swift */ = {isa = PBXFileReference; lastKnownFileType = sourcecode.swift; path = CameraPermission.swift; sourceTree = "<group>"; };
		C780F25A2BA75B4A004EF062 /* Info.plist */ = {isa = PBXFileReference; lastKnownFileType = text.plist; path = Info.plist; sourceTree = "<group>"; };
		C780F25B2BA75F14004EF062 /* QRScannerDelegate.swift */ = {isa = PBXFileReference; lastKnownFileType = sourcecode.swift; path = QRScannerDelegate.swift; sourceTree = "<group>"; };
		C7ED00E92BA9EA3300A8D3F3 /* RestartScannerButtonView.swift */ = {isa = PBXFileReference; lastKnownFileType = sourcecode.swift; path = RestartScannerButtonView.swift; sourceTree = "<group>"; };
		C7ED00EB2BACE6E100A8D3F3 /* CloseScannerButtonView.swift */ = {isa = PBXFileReference; lastKnownFileType = sourcecode.swift; path = CloseScannerButtonView.swift; sourceTree = "<group>"; };
		C7ED00ED2BACE8E100A8D3F3 /* ImageCameraResultView.swift */ = {isa = PBXFileReference; lastKnownFileType = sourcecode.swift; path = ImageCameraResultView.swift; sourceTree = "<group>"; };
		C7ED00F12BACEBF400A8D3F3 /* AppConstants.swift */ = {isa = PBXFileReference; lastKnownFileType = sourcecode.swift; path = AppConstants.swift; sourceTree = "<group>"; };
/* End PBXFileReference section */

/* Begin PBXFrameworksBuildPhase section */
		C780F23E2BA742B9004EF062 /* Frameworks */ = {
			isa = PBXFrameworksBuildPhase;
			buildActionMask = 2147483647;
			files = (
			);
			runOnlyForDeploymentPostprocessing = 0;
		};
/* End PBXFrameworksBuildPhase section */

/* Begin PBXGroup section */
		C7521FB02BA835EA00FBB5B8 /* ViewModel */ = {
			isa = PBXGroup;
			children = (
				C7521FB12BA8360200FBB5B8 /* ScannerViewModel.swift */,
			);
			path = ViewModel;
			sourceTree = "<group>";
		};
		C780F2382BA742B9004EF062 = {
			isa = PBXGroup;
			children = (
				C780F2432BA742B9004EF062 /* QRCodeScanner */,
				C780F2422BA742B9004EF062 /* Products */,
			);
			sourceTree = "<group>";
		};
		C780F2422BA742B9004EF062 /* Products */ = {
			isa = PBXGroup;
			children = (
				C780F2412BA742B9004EF062 /* QRCodeScanner.app */,
			);
			name = Products;
			sourceTree = "<group>";
		};
		C780F2432BA742B9004EF062 /* QRCodeScanner */ = {
			isa = PBXGroup;
			children = (
				C780F25A2BA75B4A004EF062 /* Info.plist */,
				C7ED00F02BACEBDE00A8D3F3 /* Utils */,
				C7ED00EF2BACE99500A8D3F3 /* Helper */,
				C780F2572BA75995004EF062 /* Model */,
				C7521FB02BA835EA00FBB5B8 /* ViewModel */,
				C780F2522BA74FE9004EF062 /* View */,
				C780F2442BA742B9004EF062 /* QRCodeScannerApp.swift */,
				C780F2482BA742BC004EF062 /* Assets.xcassets */,
				C780F24A2BA742BC004EF062 /* Preview Content */,
			);
			path = QRCodeScanner;
			sourceTree = "<group>";
		};
		C780F24A2BA742BC004EF062 /* Preview Content */ = {
			isa = PBXGroup;
			children = (
				C780F24B2BA742BC004EF062 /* Preview Assets.xcassets */,
			);
			path = "Preview Content";
			sourceTree = "<group>";
		};
		C780F2522BA74FE9004EF062 /* View */ = {
			isa = PBXGroup;
			children = (
				C7ED00E82BA9EA1C00A8D3F3 /* Subview */,
				C780F2532BA74FF7004EF062 /* ScannerView.swift */,
				C780F2552BA75640004EF062 /* CameraView.swift */,
			);
			path = View;
			sourceTree = "<group>";
		};
		C780F2572BA75995004EF062 /* Model */ = {
			isa = PBXGroup;
			children = (
				C780F2582BA7599E004EF062 /* CameraPermission.swift */,
			);
			path = Model;
			sourceTree = "<group>";
		};
		C7ED00E82BA9EA1C00A8D3F3 /* Subview */ = {
			isa = PBXGroup;
			children = (
				C7ED00E92BA9EA3300A8D3F3 /* RestartScannerButtonView.swift */,
				C7ED00EB2BACE6E100A8D3F3 /* CloseScannerButtonView.swift */,
				C7ED00ED2BACE8E100A8D3F3 /* ImageCameraResultView.swift */,
			);
			path = Subview;
			sourceTree = "<group>";
		};
		C7ED00EF2BACE99500A8D3F3 /* Helper */ = {
			isa = PBXGroup;
			children = (
				C780F25B2BA75F14004EF062 /* QRScannerDelegate.swift */,
			);
			path = Helper;
			sourceTree = "<group>";
		};
		C7ED00F02BACEBDE00A8D3F3 /* Utils */ = {
			isa = PBXGroup;
			children = (
				C7ED00F12BACEBF400A8D3F3 /* AppConstants.swift */,
			);
			path = Utils;
			sourceTree = "<group>";
		};
/* End PBXGroup section */

/* Begin PBXNativeTarget section */
		C780F2402BA742B9004EF062 /* QRCodeScanner */ = {
			isa = PBXNativeTarget;
			buildConfigurationList = C780F24F2BA742BC004EF062 /* Build configuration list for PBXNativeTarget "QRCodeScanner" */;
			buildPhases = (
				C780F23D2BA742B9004EF062 /* Sources */,
				C780F23E2BA742B9004EF062 /* Frameworks */,
				C780F23F2BA742B9004EF062 /* Resources */,
			);
			buildRules = (
			);
			dependencies = (
			);
			name = QRCodeScanner;
			productName = "QRCodeScanner-iOS";
			productReference = C780F2412BA742B9004EF062 /* QRCodeScanner.app */;
			productType = "com.apple.product-type.application";
		};
/* End PBXNativeTarget section */

/* Begin PBXProject section */
		C780F2392BA742B9004EF062 /* Project object */ = {
			isa = PBXProject;
			attributes = {
				BuildIndependentTargetsInParallel = 1;
				LastSwiftUpdateCheck = 1500;
				LastUpgradeCheck = 1500;
				TargetAttributes = {
					C780F2402BA742B9004EF062 = {
						CreatedOnToolsVersion = 15.0;
					};
				};
			};
			buildConfigurationList = C780F23C2BA742B9004EF062 /* Build configuration list for PBXProject "QRCodeScanner" */;
			compatibilityVersion = "Xcode 14.0";
			developmentRegion = en;
			hasScannedForEncodings = 0;
			knownRegions = (
				en,
				Base,
			);
			mainGroup = C780F2382BA742B9004EF062;
			productRefGroup = C780F2422BA742B9004EF062 /* Products */;
			projectDirPath = "";
			projectRoot = "";
			targets = (
				C780F2402BA742B9004EF062 /* QRCodeScanner */,
			);
		};
/* End PBXProject section */

/* Begin PBXResourcesBuildPhase section */
		C780F23F2BA742B9004EF062 /* Resources */ = {
			isa = PBXResourcesBuildPhase;
			buildActionMask = 2147483647;
			files = (
				C780F24C2BA742BC004EF062 /* Preview Assets.xcassets in Resources */,
				C780F2492BA742BC004EF062 /* Assets.xcassets in Resources */,
			);
			runOnlyForDeploymentPostprocessing = 0;
		};
/* End PBXResourcesBuildPhase section */

/* Begin PBXSourcesBuildPhase section */
		C780F23D2BA742B9004EF062 /* Sources */ = {
			isa = PBXSourcesBuildPhase;
			buildActionMask = 2147483647;
			files = (
				C780F2542BA74FF7004EF062 /* ScannerView.swift in Sources */,
				C7521FB22BA8360200FBB5B8 /* ScannerViewModel.swift in Sources */,
				C780F2592BA7599E004EF062 /* CameraPermission.swift in Sources */,
				C780F2452BA742B9004EF062 /* QRCodeScannerApp.swift in Sources */,
				C780F25C2BA75F14004EF062 /* QRScannerDelegate.swift in Sources */,
				C7ED00F22BACEBF400A8D3F3 /* AppConstants.swift in Sources */,
				C7ED00EE2BACE8E100A8D3F3 /* ImageCameraResultView.swift in Sources */,
				C7ED00EA2BA9EA3300A8D3F3 /* RestartScannerButtonView.swift in Sources */,
				C7ED00EC2BACE6E100A8D3F3 /* CloseScannerButtonView.swift in Sources */,
				C780F2562BA75640004EF062 /* CameraView.swift in Sources */,
			);
			runOnlyForDeploymentPostprocessing = 0;
		};
/* End PBXSourcesBuildPhase section */

/* Begin XCBuildConfiguration section */
		C780F24D2BA742BC004EF062 /* Debug */ = {
			isa = XCBuildConfiguration;
			buildSettings = {
				ALWAYS_SEARCH_USER_PATHS = NO;
				ASSETCATALOG_COMPILER_GENERATE_SWIFT_ASSET_SYMBOL_EXTENSIONS = YES;
				CLANG_ANALYZER_NONNULL = YES;
				CLANG_ANALYZER_NUMBER_OBJECT_CONVERSION = YES_AGGRESSIVE;
				CLANG_CXX_LANGUAGE_STANDARD = "gnu++20";
				CLANG_ENABLE_MODULES = YES;
				CLANG_ENABLE_OBJC_ARC = YES;
				CLANG_ENABLE_OBJC_WEAK = YES;
				CLANG_WARN_BLOCK_CAPTURE_AUTORELEASING = YES;
				CLANG_WARN_BOOL_CONVERSION = YES;
				CLANG_WARN_COMMA = YES;
				CLANG_WARN_CONSTANT_CONVERSION = YES;
				CLANG_WARN_DEPRECATED_OBJC_IMPLEMENTATIONS = YES;
				CLANG_WARN_DIRECT_OBJC_ISA_USAGE = YES_ERROR;
				CLANG_WARN_DOCUMENTATION_COMMENTS = YES;
				CLANG_WARN_EMPTY_BODY = YES;
				CLANG_WARN_ENUM_CONVERSION = YES;
				CLANG_WARN_INFINITE_RECURSION = YES;
				CLANG_WARN_INT_CONVERSION = YES;
				CLANG_WARN_NON_LITERAL_NULL_CONVERSION = YES;
				CLANG_WARN_OBJC_IMPLICIT_RETAIN_SELF = YES;
				CLANG_WARN_OBJC_LITERAL_CONVERSION = YES;
				CLANG_WARN_OBJC_ROOT_CLASS = YES_ERROR;
				CLANG_WARN_QUOTED_INCLUDE_IN_FRAMEWORK_HEADER = YES;
				CLANG_WARN_RANGE_LOOP_ANALYSIS = YES;
				CLANG_WARN_STRICT_PROTOTYPES = YES;
				CLANG_WARN_SUSPICIOUS_MOVE = YES;
				CLANG_WARN_UNGUARDED_AVAILABILITY = YES_AGGRESSIVE;
				CLANG_WARN_UNREACHABLE_CODE = YES;
				CLANG_WARN__DUPLICATE_METHOD_MATCH = YES;
				COPY_PHASE_STRIP = NO;
				DEBUG_INFORMATION_FORMAT = dwarf;
				ENABLE_STRICT_OBJC_MSGSEND = YES;
				ENABLE_TESTABILITY = YES;
				ENABLE_USER_SCRIPT_SANDBOXING = YES;
				GCC_C_LANGUAGE_STANDARD = gnu17;
				GCC_DYNAMIC_NO_PIC = NO;
				GCC_NO_COMMON_BLOCKS = YES;
				GCC_OPTIMIZATION_LEVEL = 0;
				GCC_PREPROCESSOR_DEFINITIONS = (
					"DEBUG=1",
					"$(inherited)",
				);
				GCC_WARN_64_TO_32_BIT_CONVERSION = YES;
				GCC_WARN_ABOUT_RETURN_TYPE = YES_ERROR;
				GCC_WARN_UNDECLARED_SELECTOR = YES;
				GCC_WARN_UNINITIALIZED_AUTOS = YES_AGGRESSIVE;
				GCC_WARN_UNUSED_FUNCTION = YES;
				GCC_WARN_UNUSED_VARIABLE = YES;
				IPHONEOS_DEPLOYMENT_TARGET = 17.0;
				LOCALIZATION_PREFERS_STRING_CATALOGS = YES;
				MTL_ENABLE_DEBUG_INFO = INCLUDE_SOURCE;
				MTL_FAST_MATH = YES;
				ONLY_ACTIVE_ARCH = YES;
				SDKROOT = iphoneos;
				SWIFT_ACTIVE_COMPILATION_CONDITIONS = "DEBUG $(inherited)";
				SWIFT_OPTIMIZATION_LEVEL = "-Onone";
			};
			name = Debug;
		};
		C780F24E2BA742BC004EF062 /* Release */ = {
			isa = XCBuildConfiguration;
			buildSettings = {
				ALWAYS_SEARCH_USER_PATHS = NO;
				ASSETCATALOG_COMPILER_GENERATE_SWIFT_ASSET_SYMBOL_EXTENSIONS = YES;
				CLANG_ANALYZER_NONNULL = YES;
				CLANG_ANALYZER_NUMBER_OBJECT_CONVERSION = YES_AGGRESSIVE;
				CLANG_CXX_LANGUAGE_STANDARD = "gnu++20";
				CLANG_ENABLE_MODULES = YES;
				CLANG_ENABLE_OBJC_ARC = YES;
				CLANG_ENABLE_OBJC_WEAK = YES;
				CLANG_WARN_BLOCK_CAPTURE_AUTORELEASING = YES;
				CLANG_WARN_BOOL_CONVERSION = YES;
				CLANG_WARN_COMMA = YES;
				CLANG_WARN_CONSTANT_CONVERSION = YES;
				CLANG_WARN_DEPRECATED_OBJC_IMPLEMENTATIONS = YES;
				CLANG_WARN_DIRECT_OBJC_ISA_USAGE = YES_ERROR;
				CLANG_WARN_DOCUMENTATION_COMMENTS = YES;
				CLANG_WARN_EMPTY_BODY = YES;
				CLANG_WARN_ENUM_CONVERSION = YES;
				CLANG_WARN_INFINITE_RECURSION = YES;
				CLANG_WARN_INT_CONVERSION = YES;
				CLANG_WARN_NON_LITERAL_NULL_CONVERSION = YES;
				CLANG_WARN_OBJC_IMPLICIT_RETAIN_SELF = YES;
				CLANG_WARN_OBJC_LITERAL_CONVERSION = YES;
				CLANG_WARN_OBJC_ROOT_CLASS = YES_ERROR;
				CLANG_WARN_QUOTED_INCLUDE_IN_FRAMEWORK_HEADER = YES;
				CLANG_WARN_RANGE_LOOP_ANALYSIS = YES;
				CLANG_WARN_STRICT_PROTOTYPES = YES;
				CLANG_WARN_SUSPICIOUS_MOVE = YES;
				CLANG_WARN_UNGUARDED_AVAILABILITY = YES_AGGRESSIVE;
				CLANG_WARN_UNREACHABLE_CODE = YES;
				CLANG_WARN__DUPLICATE_METHOD_MATCH = YES;
				COPY_PHASE_STRIP = NO;
				DEBUG_INFORMATION_FORMAT = "dwarf-with-dsym";
				ENABLE_NS_ASSERTIONS = NO;
				ENABLE_STRICT_OBJC_MSGSEND = YES;
				ENABLE_USER_SCRIPT_SANDBOXING = YES;
				GCC_C_LANGUAGE_STANDARD = gnu17;
				GCC_NO_COMMON_BLOCKS = YES;
				GCC_WARN_64_TO_32_BIT_CONVERSION = YES;
				GCC_WARN_ABOUT_RETURN_TYPE = YES_ERROR;
				GCC_WARN_UNDECLARED_SELECTOR = YES;
				GCC_WARN_UNINITIALIZED_AUTOS = YES_AGGRESSIVE;
				GCC_WARN_UNUSED_FUNCTION = YES;
				GCC_WARN_UNUSED_VARIABLE = YES;
				IPHONEOS_DEPLOYMENT_TARGET = 17.0;
				LOCALIZATION_PREFERS_STRING_CATALOGS = YES;
				MTL_ENABLE_DEBUG_INFO = NO;
				MTL_FAST_MATH = YES;
				SDKROOT = iphoneos;
				SWIFT_COMPILATION_MODE = wholemodule;
				VALIDATE_PRODUCT = YES;
			};
			name = Release;
		};
		C780F2502BA742BC004EF062 /* Debug */ = {
			isa = XCBuildConfiguration;
			buildSettings = {
				ASSETCATALOG_COMPILER_APPICON_NAME = AppIcon;
				ASSETCATALOG_COMPILER_GLOBAL_ACCENT_COLOR_NAME = AccentColor;
				CODE_SIGN_STYLE = Automatic;
				CURRENT_PROJECT_VERSION = 1;
				DEVELOPMENT_ASSET_PATHS = "\"QRCodeScanner/Preview Content\"";
				DEVELOPMENT_TEAM = 998HSZS578;
				ENABLE_PREVIEWS = YES;
				GENERATE_INFOPLIST_FILE = YES;
				INFOPLIST_FILE = QRCodeScanner/Info.plist;
				INFOPLIST_KEY_NSCameraUsageDescription = "";
				INFOPLIST_KEY_UIApplicationSceneManifest_Generation = YES;
				INFOPLIST_KEY_UIApplicationSupportsIndirectInputEvents = YES;
				INFOPLIST_KEY_UILaunchScreen_Generation = YES;
				INFOPLIST_KEY_UISupportedInterfaceOrientations_iPad = "UIInterfaceOrientationPortrait UIInterfaceOrientationPortraitUpsideDown UIInterfaceOrientationLandscapeLeft UIInterfaceOrientationLandscapeRight";
				INFOPLIST_KEY_UISupportedInterfaceOrientations_iPhone = "UIInterfaceOrientationPortrait UIInterfaceOrientationLandscapeLeft UIInterfaceOrientationLandscapeRight";
				IPHONEOS_DEPLOYMENT_TARGET = 16.0;
				LD_RUNPATH_SEARCH_PATHS = (
					"$(inherited)",
					"@executable_path/Frameworks",
				);
				MARKETING_VERSION = 1.0;
				PRODUCT_BUNDLE_IDENTIFIER = "com.estrhup.QRCodeScanner-iOS";
				PRODUCT_NAME = "$(TARGET_NAME)";
				SWIFT_EMIT_LOC_STRINGS = YES;
				SWIFT_VERSION = 5.0;
				TARGETED_DEVICE_FAMILY = "1,2";
			};
			name = Debug;
		};
		C780F2512BA742BC004EF062 /* Release */ = {
			isa = XCBuildConfiguration;
			buildSettings = {
				ASSETCATALOG_COMPILER_APPICON_NAME = AppIcon;
				ASSETCATALOG_COMPILER_GLOBAL_ACCENT_COLOR_NAME = AccentColor;
				CODE_SIGN_STYLE = Automatic;
				CURRENT_PROJECT_VERSION = 1;
				DEVELOPMENT_ASSET_PATHS = "\"QRCodeScanner/Preview Content\"";
				DEVELOPMENT_TEAM = 998HSZS578;
				ENABLE_PREVIEWS = YES;
				GENERATE_INFOPLIST_FILE = YES;
				INFOPLIST_FILE = QRCodeScanner/Info.plist;
				INFOPLIST_KEY_NSCameraUsageDescription = "";
				INFOPLIST_KEY_UIApplicationSceneManifest_Generation = YES;
				INFOPLIST_KEY_UIApplicationSupportsIndirectInputEvents = YES;
				INFOPLIST_KEY_UILaunchScreen_Generation = YES;
				INFOPLIST_KEY_UISupportedInterfaceOrientations_iPad = "UIInterfaceOrientationPortrait UIInterfaceOrientationPortraitUpsideDown UIInterfaceOrientationLandscapeLeft UIInterfaceOrientationLandscapeRight";
				INFOPLIST_KEY_UISupportedInterfaceOrientations_iPhone = "UIInterfaceOrientationPortrait UIInterfaceOrientationLandscapeLeft UIInterfaceOrientationLandscapeRight";
				IPHONEOS_DEPLOYMENT_TARGET = 16.0;
				LD_RUNPATH_SEARCH_PATHS = (
					"$(inherited)",
					"@executable_path/Frameworks",
				);
				MARKETING_VERSION = 1.0;
				PRODUCT_BUNDLE_IDENTIFIER = "com.estrhup.QRCodeScanner-iOS";
				PRODUCT_NAME = "$(TARGET_NAME)";
				SWIFT_EMIT_LOC_STRINGS = YES;
				SWIFT_VERSION = 5.0;
				TARGETED_DEVICE_FAMILY = "1,2";
			};
			name = Release;
		};
/* End XCBuildConfiguration section */

/* Begin XCConfigurationList section */
		C780F23C2BA742B9004EF062 /* Build configuration list for PBXProject "QRCodeScanner" */ = {
			isa = XCConfigurationList;
			buildConfigurations = (
				C780F24D2BA742BC004EF062 /* Debug */,
				C780F24E2BA742BC004EF062 /* Release */,
			);
			defaultConfigurationIsVisible = 0;
			defaultConfigurationName = Release;
		};
		C780F24F2BA742BC004EF062 /* Build configuration list for PBXNativeTarget "QRCodeScanner" */ = {
			isa = XCConfigurationList;
			buildConfigurations = (
				C780F2502BA742BC004EF062 /* Debug */,
				C780F2512BA742BC004EF062 /* Release */,
			);
			defaultConfigurationIsVisible = 0;
			defaultConfigurationName = Release;
		};
/* End XCConfigurationList section */
	};
	rootObject = C780F2392BA742B9004EF062 /* Project object */;
}
